github.com/docura/docura v0.0.0-20240212121541-c8c826e7c7bc h1:nOvRMQIjageFZ9biAFZvo/zb3x9HaYo3sYw0eqXr98E=
github.com/docura/docura v0.0.0-20240212121541-c8c826e7c7bc/go.mod h1:YBxYHP2IzOjt99lEuuOiP8uRW/QQhsINy6hxiIxt0Kk=
github.com/hugomods/images v0.10.1 h1:ok3ZUZ63MAcmFuTx2kC5JJ3Sffd420RRW9yO57SFeQA=
github.com/hugomods/images v0.10.1/go.mod h1:U6Gwj16LKvk66rOMyGFrnF6f0aV8lT89lqOsckOAjYY=
